// !$*UTF8*$!
{
	archiveVersion = 1;
	classes = {
	};
	objectVersion = 50;
	objects = {

/* Begin PBXBuildFile section */
		D909EED4243FB75C0007738B /* AppDelegate.swift in Sources */ = {isa = PBXBuildFile; fileRef = D909EED3243FB75C0007738B /* AppDelegate.swift */; };
		D909EED6243FB75C0007738B /* SceneDelegate.swift in Sources */ = {isa = PBXBuildFile; fileRef = D909EED5243FB75C0007738B /* SceneDelegate.swift */; };
		D909EED8243FB75C0007738B /* ContentView.swift in Sources */ = {isa = PBXBuildFile; fileRef = D909EED7243FB75C0007738B /* ContentView.swift */; };
		D909EEDA243FB75F0007738B /* Assets.xcassets in Resources */ = {isa = PBXBuildFile; fileRef = D909EED9243FB75F0007738B /* Assets.xcassets */; };
		D909EEDD243FB75F0007738B /* Preview Assets.xcassets in Resources */ = {isa = PBXBuildFile; fileRef = D909EEDC243FB75F0007738B /* Preview Assets.xcassets */; };
		D909EEE0243FB75F0007738B /* LaunchScreen.storyboard in Resources */ = {isa = PBXBuildFile; fileRef = D909EEDE243FB75F0007738B /* LaunchScreen.storyboard */; };
/* End PBXBuildFile section */

/* Begin PBXFileReference section */
		D909EED0243FB75C0007738B /* Covit-19-Stats.app */ = {isa = PBXFileReference; explicitFileType = wrapper.application; includeInIndex = 0; path = "Covit-19-Stats.app"; sourceTree = BUILT_PRODUCTS_DIR; };
		D909EED3243FB75C0007738B /* AppDelegate.swift */ = {isa = PBXFileReference; lastKnownFileType = sourcecode.swift; path = AppDelegate.swift; sourceTree = "<group>"; };
		D909EED5243FB75C0007738B /* SceneDelegate.swift */ = {isa = PBXFileReference; lastKnownFileType = sourcecode.swift; path = SceneDelegate.swift; sourceTree = "<group>"; };
		D909EED7243FB75C0007738B /* ContentView.swift */ = {isa = PBXFileReference; lastKnownFileType = sourcecode.swift; path = ContentView.swift; sourceTree = "<group>"; };
		D909EED9243FB75F0007738B /* Assets.xcassets */ = {isa = PBXFileReference; lastKnownFileType = folder.assetcatalog; path = Assets.xcassets; sourceTree = "<group>"; };
		D909EEDC243FB75F0007738B /* Preview Assets.xcassets */ = {isa = PBXFileReference; lastKnownFileType = folder.assetcatalog; path = "Preview Assets.xcassets"; sourceTree = "<group>"; };
		D909EEDF243FB75F0007738B /* Base */ = {isa = PBXFileReference; lastKnownFileType = file.storyboard; name = Base; path = Base.lproj/LaunchScreen.storyboard; sourceTree = "<group>"; };
		D909EEE1243FB75F0007738B /* Info.plist */ = {isa = PBXFileReference; lastKnownFileType = text.plist.xml; path = Info.plist; sourceTree = "<group>"; };
/* End PBXFileReference section */

/* Begin PBXFrameworksBuildPhase section */
		D909EECD243FB75C0007738B /* Frameworks */ = {
			isa = PBXFrameworksBuildPhase;
			buildActionMask = 2147483647;
			files = (
			);
			runOnlyForDeploymentPostprocessing = 0;
		};
/* End PBXFrameworksBuildPhase section */

/* Begin PBXGroup section */
		D909EEC7243FB75C0007738B = {
			isa = PBXGroup;
			children = (
				D909EED2243FB75C0007738B /* Covit-19-Stats */,
				D909EED1243FB75C0007738B /* Products */,
			);
			sourceTree = "<group>";
		};
		D909EED1243FB75C0007738B /* Products */ = {
			isa = PBXGroup;
			children = (
				D909EED0243FB75C0007738B /* Covit-19-Stats.app */,
			);
			name = Products;
			sourceTree = "<group>";
		};
		D909EED2243FB75C0007738B /* Covit-19-Stats */ = {
			isa = PBXGroup;
			children = (
				D94231BE243FBC90006CFE55 /* Global */,
				D94231BC243FB88B006CFE55 /* Views */,
				D94231BA243FB801006CFE55 /* ViewModel */,
				D909EEE8243FB7A30007738B /* Service */,
				D909EEE7243FB77E0007738B /* Model */,
				D94231BB243FB836006CFE55 /* Resources */,
				D909EEDB243FB75F0007738B /* Preview Content */,
			);
			path = "Covit-19-Stats";
			sourceTree = "<group>";
		};
		D909EEDB243FB75F0007738B /* Preview Content */ = {
			isa = PBXGroup;
			children = (
				D909EEDC243FB75F0007738B /* Preview Assets.xcassets */,
			);
			path = "Preview Content";
			sourceTree = "<group>";
		};
		D909EEE7243FB77E0007738B /* Model */ = {
			isa = PBXGroup;
			children = (
			);
			path = Model;
			sourceTree = "<group>";
		};
		D909EEE8243FB7A30007738B /* Service */ = {
			isa = PBXGroup;
			children = (
			);
			path = Service;
			sourceTree = "<group>";
		};
		D94231BA243FB801006CFE55 /* ViewModel */ = {
			isa = PBXGroup;
			children = (
			);
			path = ViewModel;
			sourceTree = "<group>";
		};
		D94231BB243FB836006CFE55 /* Resources */ = {
			isa = PBXGroup;
			children = (
				D909EED9243FB75F0007738B /* Assets.xcassets */,
				D909EEE1243FB75F0007738B /* Info.plist */,
				D909EEDE243FB75F0007738B /* LaunchScreen.storyboard */,
			);
			path = Resources;
			sourceTree = "<group>";
		};
		D94231BC243FB88B006CFE55 /* Views */ = {
			isa = PBXGroup;
			children = (
				D909EED7243FB75C0007738B /* ContentView.swift */,
			);
			path = Views;
			sourceTree = "<group>";
		};
		D94231BE243FBC90006CFE55 /* Global */ = {
			isa = PBXGroup;
			children = (
				D909EED3243FB75C0007738B /* AppDelegate.swift */,
				D909EED5243FB75C0007738B /* SceneDelegate.swift */,
			);
			path = Global;
			sourceTree = "<group>";
		};
/* End PBXGroup section */

/* Begin PBXNativeTarget section */
		D909EECF243FB75C0007738B /* Covit-19-Stats */ = {
			isa = PBXNativeTarget;
			buildConfigurationList = D909EEE4243FB75F0007738B /* Build configuration list for PBXNativeTarget "Covit-19-Stats" */;
			buildPhases = (
				D909EECC243FB75C0007738B /* Sources */,
				D909EECD243FB75C0007738B /* Frameworks */,
				D909EECE243FB75C0007738B /* Resources */,
			);
			buildRules = (
			);
			dependencies = (
			);
			name = "Covit-19-Stats";
			productName = "Covit-19-Stats";
			productReference = D909EED0243FB75C0007738B /* Covit-19-Stats.app */;
			productType = "com.apple.product-type.application";
		};
/* End PBXNativeTarget section */

/* Begin PBXProject section */
		D909EEC8243FB75C0007738B /* Project object */ = {
			isa = PBXProject;
			attributes = {
				LastSwiftUpdateCheck = 1140;
				LastUpgradeCheck = 1140;
				ORGANIZATIONNAME = "Abdul Meraj";
				TargetAttributes = {
					D909EECF243FB75C0007738B = {
						CreatedOnToolsVersion = 11.4;
					};
				};
			};
			buildConfigurationList = D909EECB243FB75C0007738B /* Build configuration list for PBXProject "Covit-19-Stats" */;
			compatibilityVersion = "Xcode 9.3";
			developmentRegion = en;
			hasScannedForEncodings = 0;
			knownRegions = (
				en,
				Base,
			);
			mainGroup = D909EEC7243FB75C0007738B;
			productRefGroup = D909EED1243FB75C0007738B /* Products */;
			projectDirPath = "";
			projectRoot = "";
			targets = (
				D909EECF243FB75C0007738B /* Covit-19-Stats */,
			);
		};
/* End PBXProject section */

/* Begin PBXResourcesBuildPhase section */
		D909EECE243FB75C0007738B /* Resources */ = {
			isa = PBXResourcesBuildPhase;
			buildActionMask = 2147483647;
			files = (
				D909EEE0243FB75F0007738B /* LaunchScreen.storyboard in Resources */,
				D909EEDD243FB75F0007738B /* Preview Assets.xcassets in Resources */,
				D909EEDA243FB75F0007738B /* Assets.xcassets in Resources */,
			);
			runOnlyForDeploymentPostprocessing = 0;
		};
/* End PBXResourcesBuildPhase section */

/* Begin PBXSourcesBuildPhase section */
		D909EECC243FB75C0007738B /* Sources */ = {
			isa = PBXSourcesBuildPhase;
			buildActionMask = 2147483647;
			files = (
				D909EED4243FB75C0007738B /* AppDelegate.swift in Sources */,
				D909EED6243FB75C0007738B /* SceneDelegate.swift in Sources */,
				D909EED8243FB75C0007738B /* ContentView.swift in Sources */,
			);
			runOnlyForDeploymentPostprocessing = 0;
		};
/* End PBXSourcesBuildPhase section */

/* Begin PBXVariantGroup section */
		D909EEDE243FB75F0007738B /* LaunchScreen.storyboard */ = {
			isa = PBXVariantGroup;
			children = (
				D909EEDF243FB75F0007738B /* Base */,
			);
			name = LaunchScreen.storyboard;
			sourceTree = "<group>";
		};
/* End PBXVariantGroup section */

/* Begin XCBuildConfiguration section */
		D909EEE2243FB75F0007738B /* Debug */ = {
			isa = XCBuildConfiguration;
			buildSettings = {
				ALWAYS_SEARCH_USER_PATHS = NO;
				CLANG_ANALYZER_NONNULL = YES;
				CLANG_ANALYZER_NUMBER_OBJECT_CONVERSION = YES_AGGRESSIVE;
				CLANG_CXX_LANGUAGE_STANDARD = "gnu++14";
				CLANG_CXX_LIBRARY = "libc++";
				CLANG_ENABLE_MODULES = YES;
				CLANG_ENABLE_OBJC_ARC = YES;
				CLANG_ENABLE_OBJC_WEAK = YES;
				CLANG_WARN_BLOCK_CAPTURE_AUTORELEASING = YES;
				CLANG_WARN_BOOL_CONVERSION = YES;
				CLANG_WARN_COMMA = YES;
				CLANG_WARN_CONSTANT_CONVERSION = YES;
				CLANG_WARN_DEPRECATED_OBJC_IMPLEMENTATIONS = YES;
				CLANG_WARN_DIRECT_OBJC_ISA_USAGE = YES_ERROR;
				CLANG_WARN_DOCUMENTATION_COMMENTS = YES;
				CLANG_WARN_EMPTY_BODY = YES;
				CLANG_WARN_ENUM_CONVERSION = YES;
				CLANG_WARN_INFINITE_RECURSION = YES;
				CLANG_WARN_INT_CONVERSION = YES;
				CLANG_WARN_NON_LITERAL_NULL_CONVERSION = YES;
				CLANG_WARN_OBJC_IMPLICIT_RETAIN_SELF = YES;
				CLANG_WARN_OBJC_LITERAL_CONVERSION = YES;
				CLANG_WARN_OBJC_ROOT_CLASS = YES_ERROR;
				CLANG_WARN_RANGE_LOOP_ANALYSIS = YES;
				CLANG_WARN_STRICT_PROTOTYPES = YES;
				CLANG_WARN_SUSPICIOUS_MOVE = YES;
				CLANG_WARN_UNGUARDED_AVAILABILITY = YES_AGGRESSIVE;
				CLANG_WARN_UNREACHABLE_CODE = YES;
				CLANG_WARN__DUPLICATE_METHOD_MATCH = YES;
				COPY_PHASE_STRIP = NO;
				DEBUG_INFORMATION_FORMAT = dwarf;
				ENABLE_STRICT_OBJC_MSGSEND = YES;
				ENABLE_TESTABILITY = YES;
				GCC_C_LANGUAGE_STANDARD = gnu11;
				GCC_DYNAMIC_NO_PIC = NO;
				GCC_NO_COMMON_BLOCKS = YES;
				GCC_OPTIMIZATION_LEVEL = 0;
				GCC_PREPROCESSOR_DEFINITIONS = (
					"DEBUG=1",
					"$(inherited)",
				);
				GCC_WARN_64_TO_32_BIT_CONVERSION = YES;
				GCC_WARN_ABOUT_RETURN_TYPE = YES_ERROR;
				GCC_WARN_UNDECLARED_SELECTOR = YES;
				GCC_WARN_UNINITIALIZED_AUTOS = YES_AGGRESSIVE;
				GCC_WARN_UNUSED_FUNCTION = YES;
				GCC_WARN_UNUSED_VARIABLE = YES;
				IPHONEOS_DEPLOYMENT_TARGET = 13.4;
				MTL_ENABLE_DEBUG_INFO = INCLUDE_SOURCE;
				MTL_FAST_MATH = YES;
				ONLY_ACTIVE_ARCH = YES;
				SDKROOT = iphoneos;
				SWIFT_ACTIVE_COMPILATION_CONDITIONS = DEBUG;
				SWIFT_OPTIMIZATION_LEVEL = "-Onone";
			};
			name = Debug;
		};
		D909EEE3243FB75F0007738B /* Release */ = {
			isa = XCBuildConfiguration;
			buildSettings = {
				ALWAYS_SEARCH_USER_PATHS = NO;
				CLANG_ANALYZER_NONNULL = YES;
				CLANG_ANALYZER_NUMBER_OBJECT_CONVERSION = YES_AGGRESSIVE;
				CLANG_CXX_LANGUAGE_STANDARD = "gnu++14";
				CLANG_CXX_LIBRARY = "libc++";
				CLANG_ENABLE_MODULES = YES;
				CLANG_ENABLE_OBJC_ARC = YES;
				CLANG_ENABLE_OBJC_WEAK = YES;
				CLANG_WARN_BLOCK_CAPTURE_AUTORELEASING = YES;
				CLANG_WARN_BOOL_CONVERSION = YES;
				CLANG_WARN_COMMA = YES;
				CLANG_WARN_CONSTANT_CONVERSION = YES;
				CLANG_WARN_DEPRECATED_OBJC_IMPLEMENTATIONS = YES;
				CLANG_WARN_DIRECT_OBJC_ISA_USAGE = YES_ERROR;
				CLANG_WARN_DOCUMENTATION_COMMENTS = YES;
				CLANG_WARN_EMPTY_BODY = YES;
				CLANG_WARN_ENUM_CONVERSION = YES;
				CLANG_WARN_INFINITE_RECURSION = YES;
				CLANG_WARN_INT_CONVERSION = YES;
				CLANG_WARN_NON_LITERAL_NULL_CONVERSION = YES;
				CLANG_WARN_OBJC_IMPLICIT_RETAIN_SELF = YES;
				CLANG_WARN_OBJC_LITERAL_CONVERSION = YES;
				CLANG_WARN_OBJC_ROOT_CLASS = YES_ERROR;
				CLANG_WARN_RANGE_LOOP_ANALYSIS = YES;
				CLANG_WARN_STRICT_PROTOTYPES = YES;
				CLANG_WARN_SUSPICIOUS_MOVE = YES;
				CLANG_WARN_UNGUARDED_AVAILABILITY = YES_AGGRESSIVE;
				CLANG_WARN_UNREACHABLE_CODE = YES;
				CLANG_WARN__DUPLICATE_METHOD_MATCH = YES;
				COPY_PHASE_STRIP = NO;
				DEBUG_INFORMATION_FORMAT = "dwarf-with-dsym";
				ENABLE_NS_ASSERTIONS = NO;
				ENABLE_STRICT_OBJC_MSGSEND = YES;
				GCC_C_LANGUAGE_STANDARD = gnu11;
				GCC_NO_COMMON_BLOCKS = YES;
				GCC_WARN_64_TO_32_BIT_CONVERSION = YES;
				GCC_WARN_ABOUT_RETURN_TYPE = YES_ERROR;
				GCC_WARN_UNDECLARED_SELECTOR = YES;
				GCC_WARN_UNINITIALIZED_AUTOS = YES_AGGRESSIVE;
				GCC_WARN_UNUSED_FUNCTION = YES;
				GCC_WARN_UNUSED_VARIABLE = YES;
				IPHONEOS_DEPLOYMENT_TARGET = 13.4;
				MTL_ENABLE_DEBUG_INFO = NO;
				MTL_FAST_MATH = YES;
				SDKROOT = iphoneos;
				SWIFT_COMPILATION_MODE = wholemodule;
				SWIFT_OPTIMIZATION_LEVEL = "-O";
				VALIDATE_PRODUCT = YES;
			};
			name = Release;
		};
		D909EEE5243FB75F0007738B /* Debug */ = {
			isa = XCBuildConfiguration;
			buildSettings = {
				ASSETCATALOG_COMPILER_APPICON_NAME = AppIcon;
				CODE_SIGN_STYLE = Automatic;
				DEVELOPMENT_ASSET_PATHS = "\"Covit-19-Stats/Preview Content\"";
				DEVELOPMENT_TEAM = KBL432CXA8;
				ENABLE_PREVIEWS = YES;
				INFOPLIST_FILE = "Covit-19-Stats/Resources/Info.plist";
				LD_RUNPATH_SEARCH_PATHS = (
					"$(inherited)",
					"@executable_path/Frameworks",
				);
				PRODUCT_BUNDLE_IDENTIFIER = "com.agdstudio.Covit-19-Stats";
				PRODUCT_NAME = "$(TARGET_NAME)";
				SWIFT_VERSION = 5.0;
				TARGETED_DEVICE_FAMILY = "1,2";
			};
			name = Debug;
		};
		D909EEE6243FB75F0007738B /* Release */ = {
			isa = XCBuildConfiguration;
			buildSettings = {
				ASSETCATALOG_COMPILER_APPICON_NAME = AppIcon;
				CODE_SIGN_STYLE = Automatic;
				DEVELOPMENT_ASSET_PATHS = "\"Covit-19-Stats/Preview Content\"";
				DEVELOPMENT_TEAM = KBL432CXA8;
				ENABLE_PREVIEWS = YES;
				INFOPLIST_FILE = "Covit-19-Stats/Resources/Info.plist";
				LD_RUNPATH_SEARCH_PATHS = (
					"$(inherited)",
					"@executable_path/Frameworks",
				);
				PRODUCT_BUNDLE_IDENTIFIER = "com.agdstudio.Covit-19-Stats";
				PRODUCT_NAME = "$(TARGET_NAME)";
				SWIFT_VERSION = 5.0;
				TARGETED_DEVICE_FAMILY = "1,2";
			};
			name = Release;
		};
/* End XCBuildConfiguration section */

/* Begin XCConfigurationList section */
		D909EECB243FB75C0007738B /* Build configuration list for PBXProject "Covit-19-Stats" */ = {
			isa = XCConfigurationList;
			buildConfigurations = (
				D909EEE2243FB75F0007738B /* Debug */,
				D909EEE3243FB75F0007738B /* Release */,
			);
			defaultConfigurationIsVisible = 0;
			defaultConfigurationName = Release;
		};
		D909EEE4243FB75F0007738B /* Build configuration list for PBXNativeTarget "Covit-19-Stats" */ = {
			isa = XCConfigurationList;
			buildConfigurations = (
				D909EEE5243FB75F0007738B /* Debug */,
				D909EEE6243FB75F0007738B /* Release */,
			);
			defaultConfigurationIsVisible = 0;
			defaultConfigurationName = Release;
		};
/* End XCConfigurationList section */
	};
	rootObject = D909EEC8243FB75C0007738B /* Project object */;
}
